
Microsoft Visual Studio Solution File, Format Version 12.00
# Visual Studio 14
VisualStudioVersion = 14.0.25123.0
MinimumVisualStudioVersion = 10.0.40219.1
Project("{B64AF4EA-14AA-4F84-A381-F61F164FDD87}") = "Sitecore.Support.122492", "Sitecore.Support.122492\Sitecore.Support.122492.csproj", "{1E69CECB-84E3-4CD4-984E-673DA20274A3}"
EndProject
Global
	GlobalSection(SolutionConfigurationPlatforms) = preSolution
		Debug|Any CPU = Debug|Any CPU
		Release|Any CPU = Release|Any CPU
	EndGlobalSection
	GlobalSection(ProjectConfigurationPlatforms) = postSolution
		{1E69CECB-84E3-4CD4-984E-673DA20274A3}.Debug|Any CPU.ActiveCfg = Debug|Any CPU
		{1E69CECB-84E3-4CD4-984E-673DA20274A3}.Debug|Any CPU.Build.0 = Debug|Any CPU
		{1E69CECB-84E3-4CD4-984E-673DA20274A3}.Release|Any CPU.ActiveCfg = Release|Any CPU
		{1E69CECB-84E3-4CD4-984E-673DA20274A3}.Release|Any CPU.Build.0 = Release|Any CPU
	EndGlobalSection
	GlobalSection(SolutionProperties) = preSolution
		HideSolutionNode = FALSE
	EndGlobalSection
EndGlobal
